
Microsoft Visual Studio Solution File, Format Version 12.00
# Visual Studio Version 16
VisualStudioVersion = 16.0.31911.196
MinimumVisualStudioVersion = 10.0.40219.1
Project("{FAE04EC0-301F-11D3-BF4B-00C04F79EFBC}") = "MTD-Lab1", "MTD-Lab1.csproj", "{EA6016F1-45BB-4EC5-B5A9-B8AC6211CBC1}"
EndProject
Global
	GlobalSection(SolutionConfigurationPlatforms) = preSolution
		Debug|Any CPU = Debug|Any CPU
		Release|Any CPU = Release|Any CPU
	EndGlobalSection
	GlobalSection(ProjectConfigurationPlatforms) = postSolution
		{EA6016F1-45BB-4EC5-B5A9-B8AC6211CBC1}.Debug|Any CPU.ActiveCfg = Debug|Any CPU
		{EA6016F1-45BB-4EC5-B5A9-B8AC6211CBC1}.Debug|Any CPU.Build.0 = Debug|Any CPU
		{EA6016F1-45BB-4EC5-B5A9-B8AC6211CBC1}.Release|Any CPU.ActiveCfg = Release|Any CPU
		{EA6016F1-45BB-4EC5-B5A9-B8AC6211CBC1}.Release|Any CPU.Build.0 = Release|Any CPU
	EndGlobalSection
	GlobalSection(SolutionProperties) = preSolution
		HideSolutionNode = FALSE
	EndGlobalSection
	GlobalSection(ExtensibilityGlobals) = postSolution
		SolutionGuid = {05ECE786-3923-4888-A113-42E266E83DE5}
	EndGlobalSection
EndGlobal
